// !$*UTF8*$!
{
	archiveVersion = 1;
	classes = {
	};
	objectVersion = 46;
	objects = {

/* Begin PBXBuildFile section */
		554962C01B230B570056B3D2 /* main.m in Sources */ = {isa = PBXBuildFile; fileRef = 554962BF1B230B570056B3D2 /* main.m */; };
		554962C31B230B570056B3D2 /* AppDelegate.m in Sources */ = {isa = PBXBuildFile; fileRef = 554962C21B230B570056B3D2 /* AppDelegate.m */; };
		554962C61B230B570056B3D2 /* ViewController.m in Sources */ = {isa = PBXBuildFile; fileRef = 554962C51B230B570056B3D2 /* ViewController.m */; };
		554962C91B230B570056B3D2 /* Main.storyboard in Resources */ = {isa = PBXBuildFile; fileRef = 554962C71B230B570056B3D2 /* Main.storyboard */; };
		554962CB1B230B570056B3D2 /* Images.xcassets in Resources */ = {isa = PBXBuildFile; fileRef = 554962CA1B230B570056B3D2 /* Images.xcassets */; };
		554962CE1B230B570056B3D2 /* LaunchScreen.xib in Resources */ = {isa = PBXBuildFile; fileRef = 554962CC1B230B570056B3D2 /* LaunchScreen.xib */; };
		554962DA1B230B570056B3D2 /* QQChatSimpleTests.m in Sources */ = {isa = PBXBuildFile; fileRef = 554962D91B230B570056B3D2 /* QQChatSimpleTests.m */; };
		554962FB1B230B9F0056B3D2 /* MASCompositeConstraint.m in Sources */ = {isa = PBXBuildFile; fileRef = 554962E51B230B9F0056B3D2 /* MASCompositeConstraint.m */; };
		554962FC1B230B9F0056B3D2 /* MASConstraint.m in Sources */ = {isa = PBXBuildFile; fileRef = 554962E81B230B9F0056B3D2 /* MASConstraint.m */; };
		554962FD1B230B9F0056B3D2 /* MASConstraintMaker.m in Sources */ = {isa = PBXBuildFile; fileRef = 554962EA1B230B9F0056B3D2 /* MASConstraintMaker.m */; };
		554962FE1B230B9F0056B3D2 /* MASLayoutConstraint.m in Sources */ = {isa = PBXBuildFile; fileRef = 554962EC1B230B9F0056B3D2 /* MASLayoutConstraint.m */; };
		554962FF1B230B9F0056B3D2 /* MASViewAttribute.m in Sources */ = {isa = PBXBuildFile; fileRef = 554962F01B230B9F0056B3D2 /* MASViewAttribute.m */; };
		554963001B230B9F0056B3D2 /* MASViewConstraint.m in Sources */ = {isa = PBXBuildFile; fileRef = 554962F21B230B9F0056B3D2 /* MASViewConstraint.m */; };
		554963011B230B9F0056B3D2 /* NSArray+MASAdditions.m in Sources */ = {isa = PBXBuildFile; fileRef = 554962F41B230B9F0056B3D2 /* NSArray+MASAdditions.m */; };
		554963021B230B9F0056B3D2 /* NSLayoutConstraint+MASDebugAdditions.m in Sources */ = {isa = PBXBuildFile; fileRef = 554962F71B230B9F0056B3D2 /* NSLayoutConstraint+MASDebugAdditions.m */; };
		554963031B230B9F0056B3D2 /* View+MASAdditions.m in Sources */ = {isa = PBXBuildFile; fileRef = 554962F91B230B9F0056B3D2 /* View+MASAdditions.m */; };
		554963081B230BB40056B3D2 /* AOMessage.m in Sources */ = {isa = PBXBuildFile; fileRef = 554963051B230BB40056B3D2 /* AOMessage.m */; };
		554963091B230BB40056B3D2 /* AOMessageCell.m in Sources */ = {isa = PBXBuildFile; fileRef = 554963071B230BB40056B3D2 /* AOMessageCell.m */; };
		5549630B1B2313080056B3D2 /* messages.plist in Resources */ = {isa = PBXBuildFile; fileRef = 5549630A1B2313080056B3D2 /* messages.plist */; };
		55D82B701B29469300826CD9 /* UITableView+FDTemplateLayoutCell.m in Sources */ = {isa = PBXBuildFile; fileRef = 55D82B6F1B29469300826CD9 /* UITableView+FDTemplateLayoutCell.m */; };
/* End PBXBuildFile section */

/* Begin PBXContainerItemProxy section */
		554962D41B230B570056B3D2 /* PBXContainerItemProxy */ = {
			isa = PBXContainerItemProxy;
			containerPortal = 554962B21B230B570056B3D2 /* Project object */;
			proxyType = 1;
			remoteGlobalIDString = 554962B91B230B570056B3D2;
			remoteInfo = QQChatSimple;
		};
/* End PBXContainerItemProxy section */

/* Begin PBXFileReference section */
		554962BA1B230B570056B3D2 /* QQChatSimple.app */ = {isa = PBXFileReference; explicitFileType = wrapper.application; includeInIndex = 0; path = QQChatSimple.app; sourceTree = BUILT_PRODUCTS_DIR; };
		554962BE1B230B570056B3D2 /* Info.plist */ = {isa = PBXFileReference; lastKnownFileType = text.plist.xml; path = Info.plist; sourceTree = "<group>"; };
		554962BF1B230B570056B3D2 /* main.m */ = {isa = PBXFileReference; lastKnownFileType = sourcecode.c.objc; path = main.m; sourceTree = "<group>"; };
		554962C11B230B570056B3D2 /* AppDelegate.h */ = {isa = PBXFileReference; lastKnownFileType = sourcecode.c.h; path = AppDelegate.h; sourceTree = "<group>"; };
		554962C21B230B570056B3D2 /* AppDelegate.m */ = {isa = PBXFileReference; lastKnownFileType = sourcecode.c.objc; path = AppDelegate.m; sourceTree = "<group>"; };
		554962C41B230B570056B3D2 /* ViewController.h */ = {isa = PBXFileReference; lastKnownFileType = sourcecode.c.h; path = ViewController.h; sourceTree = "<group>"; };
		554962C51B230B570056B3D2 /* ViewController.m */ = {isa = PBXFileReference; lastKnownFileType = sourcecode.c.objc; path = ViewController.m; sourceTree = "<group>"; };
		554962C81B230B570056B3D2 /* Base */ = {isa = PBXFileReference; lastKnownFileType = file.storyboard; name = Base; path = Base.lproj/Main.storyboard; sourceTree = "<group>"; };
		554962CA1B230B570056B3D2 /* Images.xcassets */ = {isa = PBXFileReference; lastKnownFileType = folder.assetcatalog; path = Images.xcassets; sourceTree = "<group>"; };
		554962CD1B230B570056B3D2 /* Base */ = {isa = PBXFileReference; lastKnownFileType = file.xib; name = Base; path = Base.lproj/LaunchScreen.xib; sourceTree = "<group>"; };
		554962D31B230B570056B3D2 /* QQChatSimpleTests.xctest */ = {isa = PBXFileReference; explicitFileType = wrapper.cfbundle; includeInIndex = 0; path = QQChatSimpleTests.xctest; sourceTree = BUILT_PRODUCTS_DIR; };
		554962D81B230B570056B3D2 /* Info.plist */ = {isa = PBXFileReference; lastKnownFileType = text.plist.xml; path = Info.plist; sourceTree = "<group>"; };
		554962D91B230B570056B3D2 /* QQChatSimpleTests.m */ = {isa = PBXFileReference; lastKnownFileType = sourcecode.c.objc; path = QQChatSimpleTests.m; sourceTree = "<group>"; };
		554962E41B230B9F0056B3D2 /* MASCompositeConstraint.h */ = {isa = PBXFileReference; fileEncoding = 4; lastKnownFileType = sourcecode.c.h; path = MASCompositeConstraint.h; sourceTree = "<group>"; };
		554962E51B230B9F0056B3D2 /* MASCompositeConstraint.m */ = {isa = PBXFileReference; fileEncoding = 4; lastKnownFileType = sourcecode.c.objc; path = MASCompositeConstraint.m; sourceTree = "<group>"; };
		554962E61B230B9F0056B3D2 /* MASConstraint+Private.h */ = {isa = PBXFileReference; fileEncoding = 4; lastKnownFileType = sourcecode.c.h; path = "MASConstraint+Private.h"; sourceTree = "<group>"; };
		554962E71B230B9F0056B3D2 /* MASConstraint.h */ = {isa = PBXFileReference; fileEncoding = 4; lastKnownFileType = sourcecode.c.h; path = MASConstraint.h; sourceTree = "<group>"; };
		554962E81B230B9F0056B3D2 /* MASConstraint.m */ = {isa = PBXFileReference; fileEncoding = 4; lastKnownFileType = sourcecode.c.objc; path = MASConstraint.m; sourceTree = "<group>"; };
		554962E91B230B9F0056B3D2 /* MASConstraintMaker.h */ = {isa = PBXFileReference; fileEncoding = 4; lastKnownFileType = sourcecode.c.h; path = MASConstraintMaker.h; sourceTree = "<group>"; };
		554962EA1B230B9F0056B3D2 /* MASConstraintMaker.m */ = {isa = PBXFileReference; fileEncoding = 4; lastKnownFileType = sourcecode.c.objc; path = MASConstraintMaker.m; sourceTree = "<group>"; };
		554962EB1B230B9F0056B3D2 /* MASLayoutConstraint.h */ = {isa = PBXFileReference; fileEncoding = 4; lastKnownFileType = sourcecode.c.h; path = MASLayoutConstraint.h; sourceTree = "<group>"; };
		554962EC1B230B9F0056B3D2 /* MASLayoutConstraint.m */ = {isa = PBXFileReference; fileEncoding = 4; lastKnownFileType = sourcecode.c.objc; path = MASLayoutConstraint.m; sourceTree = "<group>"; };
		554962ED1B230B9F0056B3D2 /* Masonry.h */ = {isa = PBXFileReference; fileEncoding = 4; lastKnownFileType = sourcecode.c.h; path = Masonry.h; sourceTree = "<group>"; };
		554962EE1B230B9F0056B3D2 /* MASUtilities.h */ = {isa = PBXFileReference; fileEncoding = 4; lastKnownFileType = sourcecode.c.h; path = MASUtilities.h; sourceTree = "<group>"; };
		554962EF1B230B9F0056B3D2 /* MASViewAttribute.h */ = {isa = PBXFileReference; fileEncoding = 4; lastKnownFileType = sourcecode.c.h; path = MASViewAttribute.h; sourceTree = "<group>"; };
		554962F01B230B9F0056B3D2 /* MASViewAttribute.m */ = {isa = PBXFileReference; fileEncoding = 4; lastKnownFileType = sourcecode.c.objc; path = MASViewAttribute.m; sourceTree = "<group>"; };
		554962F11B230B9F0056B3D2 /* MASViewConstraint.h */ = {isa = PBXFileReference; fileEncoding = 4; lastKnownFileType = sourcecode.c.h; path = MASViewConstraint.h; sourceTree = "<group>"; };
		554962F21B230B9F0056B3D2 /* MASViewConstraint.m */ = {isa = PBXFileReference; fileEncoding = 4; lastKnownFileType = sourcecode.c.objc; path = MASViewConstraint.m; sourceTree = "<group>"; };
		554962F31B230B9F0056B3D2 /* NSArray+MASAdditions.h */ = {isa = PBXFileReference; fileEncoding = 4; lastKnownFileType = sourcecode.c.h; path = "NSArray+MASAdditions.h"; sourceTree = "<group>"; };
		554962F41B230B9F0056B3D2 /* NSArray+MASAdditions.m */ = {isa = PBXFileReference; fileEncoding = 4; lastKnownFileType = sourcecode.c.objc; path = "NSArray+MASAdditions.m"; sourceTree = "<group>"; };
		554962F51B230B9F0056B3D2 /* NSArray+MASShorthandAdditions.h */ = {isa = PBXFileReference; fileEncoding = 4; lastKnownFileType = sourcecode.c.h; path = "NSArray+MASShorthandAdditions.h"; sourceTree = "<group>"; };
		554962F61B230B9F0056B3D2 /* NSLayoutConstraint+MASDebugAdditions.h */ = {isa = PBXFileReference; fileEncoding = 4; lastKnownFileType = sourcecode.c.h; path = "NSLayoutConstraint+MASDebugAdditions.h"; sourceTree = "<group>"; };
		554962F71B230B9F0056B3D2 /* NSLayoutConstraint+MASDebugAdditions.m */ = {isa = PBXFileReference; fileEncoding = 4; lastKnownFileType = sourcecode.c.objc; path = "NSLayoutConstraint+MASDebugAdditions.m"; sourceTree = "<group>"; };
		554962F81B230B9F0056B3D2 /* View+MASAdditions.h */ = {isa = PBXFileReference; fileEncoding = 4; lastKnownFileType = sourcecode.c.h; path = "View+MASAdditions.h"; sourceTree = "<group>"; };
		554962F91B230B9F0056B3D2 /* View+MASAdditions.m */ = {isa = PBXFileReference; fileEncoding = 4; lastKnownFileType = sourcecode.c.objc; path = "View+MASAdditions.m"; sourceTree = "<group>"; };
		554962FA1B230B9F0056B3D2 /* View+MASShorthandAdditions.h */ = {isa = PBXFileReference; fileEncoding = 4; lastKnownFileType = sourcecode.c.h; path = "View+MASShorthandAdditions.h"; sourceTree = "<group>"; };
		554963041B230BB40056B3D2 /* AOMessage.h */ = {isa = PBXFileReference; fileEncoding = 4; lastKnownFileType = sourcecode.c.h; path = AOMessage.h; sourceTree = "<group>"; };
		554963051B230BB40056B3D2 /* AOMessage.m */ = {isa = PBXFileReference; fileEncoding = 4; lastKnownFileType = sourcecode.c.objc; path = AOMessage.m; sourceTree = "<group>"; };
		554963061B230BB40056B3D2 /* AOMessageCell.h */ = {isa = PBXFileReference; fileEncoding = 4; lastKnownFileType = sourcecode.c.h; path = AOMessageCell.h; sourceTree = "<group>"; };
		554963071B230BB40056B3D2 /* AOMessageCell.m */ = {isa = PBXFileReference; fileEncoding = 4; lastKnownFileType = sourcecode.c.objc; path = AOMessageCell.m; sourceTree = "<group>"; };
		5549630A1B2313080056B3D2 /* messages.plist */ = {isa = PBXFileReference; fileEncoding = 4; lastKnownFileType = text.plist.xml; path = messages.plist; sourceTree = "<group>"; };
		55D82B6E1B29469300826CD9 /* UITableView+FDTemplateLayoutCell.h */ = {isa = PBXFileReference; fileEncoding = 4; lastKnownFileType = sourcecode.c.h; path = "UITableView+FDTemplateLayoutCell.h"; sourceTree = "<group>"; };
		55D82B6F1B29469300826CD9 /* UITableView+FDTemplateLayoutCell.m */ = {isa = PBXFileReference; fileEncoding = 4; lastKnownFileType = sourcecode.c.objc; path = "UITableView+FDTemplateLayoutCell.m"; sourceTree = "<group>"; };
/* End PBXFileReference section */

/* Begin PBXFrameworksBuildPhase section */
		554962B71B230B570056B3D2 /* Frameworks */ = {
			isa = PBXFrameworksBuildPhase;
			buildActionMask = 2147483647;
			files = (
			);
			runOnlyForDeploymentPostprocessing = 0;
		};
		554962D01B230B570056B3D2 /* Frameworks */ = {
			isa = PBXFrameworksBuildPhase;
			buildActionMask = 2147483647;
			files = (
			);
			runOnlyForDeploymentPostprocessing = 0;
		};
/* End PBXFrameworksBuildPhase section */

/* Begin PBXGroup section */
		554962B11B230B570056B3D2 = {
			isa = PBXGroup;
			children = (
				554962BC1B230B570056B3D2 /* QQChatSimple */,
				554962D61B230B570056B3D2 /* QQChatSimpleTests */,
				554962BB1B230B570056B3D2 /* Products */,
			);
			sourceTree = "<group>";
		};
		554962BB1B230B570056B3D2 /* Products */ = {
			isa = PBXGroup;
			children = (
				554962BA1B230B570056B3D2 /* QQChatSimple.app */,
				554962D31B230B570056B3D2 /* QQChatSimpleTests.xctest */,
			);
			name = Products;
			sourceTree = "<group>";
		};
		554962BC1B230B570056B3D2 /* QQChatSimple */ = {
			isa = PBXGroup;
			children = (
				55D82B6A1B29255700826CD9 /* UITableViewCell+FDTemplateLayoutCell */,
				554962E31B230B9F0056B3D2 /* Masonry */,
				554962C11B230B570056B3D2 /* AppDelegate.h */,
				554962C21B230B570056B3D2 /* AppDelegate.m */,
				554963041B230BB40056B3D2 /* AOMessage.h */,
				554963051B230BB40056B3D2 /* AOMessage.m */,
				554963061B230BB40056B3D2 /* AOMessageCell.h */,
				554963071B230BB40056B3D2 /* AOMessageCell.m */,
				554962C41B230B570056B3D2 /* ViewController.h */,
				554962C51B230B570056B3D2 /* ViewController.m */,
				554962BD1B230B570056B3D2 /* Supporting Files */,
			);
			path = QQChatSimple;
			sourceTree = "<group>";
		};
		554962BD1B230B570056B3D2 /* Supporting Files */ = {
			isa = PBXGroup;
			children = (
				5549630A1B2313080056B3D2 /* messages.plist */,
				554962C71B230B570056B3D2 /* Main.storyboard */,
				554962CA1B230B570056B3D2 /* Images.xcassets */,
				554962CC1B230B570056B3D2 /* LaunchScreen.xib */,
				554962BE1B230B570056B3D2 /* Info.plist */,
				554962BF1B230B570056B3D2 /* main.m */,
			);
			name = "Supporting Files";
			sourceTree = "<group>";
		};
		554962D61B230B570056B3D2 /* QQChatSimpleTests */ = {
			isa = PBXGroup;
			children = (
				554962D91B230B570056B3D2 /* QQChatSimpleTests.m */,
				554962D71B230B570056B3D2 /* Supporting Files */,
			);
			path = QQChatSimpleTests;
			sourceTree = "<group>";
		};
		554962D71B230B570056B3D2 /* Supporting Files */ = {
			isa = PBXGroup;
			children = (
				554962D81B230B570056B3D2 /* Info.plist */,
			);
			name = "Supporting Files";
			sourceTree = "<group>";
		};
		554962E31B230B9F0056B3D2 /* Masonry */ = {
			isa = PBXGroup;
			children = (
				554962E41B230B9F0056B3D2 /* MASCompositeConstraint.h */,
				554962E51B230B9F0056B3D2 /* MASCompositeConstraint.m */,
				554962E61B230B9F0056B3D2 /* MASConstraint+Private.h */,
				554962E71B230B9F0056B3D2 /* MASConstraint.h */,
				554962E81B230B9F0056B3D2 /* MASConstraint.m */,
				554962E91B230B9F0056B3D2 /* MASConstraintMaker.h */,
				554962EA1B230B9F0056B3D2 /* MASConstraintMaker.m */,
				554962EB1B230B9F0056B3D2 /* MASLayoutConstraint.h */,
				554962EC1B230B9F0056B3D2 /* MASLayoutConstraint.m */,
				554962ED1B230B9F0056B3D2 /* Masonry.h */,
				554962EE1B230B9F0056B3D2 /* MASUtilities.h */,
				554962EF1B230B9F0056B3D2 /* MASViewAttribute.h */,
				554962F01B230B9F0056B3D2 /* MASViewAttribute.m */,
				554962F11B230B9F0056B3D2 /* MASViewConstraint.h */,
				554962F21B230B9F0056B3D2 /* MASViewConstraint.m */,
				554962F31B230B9F0056B3D2 /* NSArray+MASAdditions.h */,
				554962F41B230B9F0056B3D2 /* NSArray+MASAdditions.m */,
				554962F51B230B9F0056B3D2 /* NSArray+MASShorthandAdditions.h */,
				554962F61B230B9F0056B3D2 /* NSLayoutConstraint+MASDebugAdditions.h */,
				554962F71B230B9F0056B3D2 /* NSLayoutConstraint+MASDebugAdditions.m */,
				554962F81B230B9F0056B3D2 /* View+MASAdditions.h */,
				554962F91B230B9F0056B3D2 /* View+MASAdditions.m */,
				554962FA1B230B9F0056B3D2 /* View+MASShorthandAdditions.h */,
			);
			path = Masonry;
			sourceTree = "<group>";
		};
		55D82B6A1B29255700826CD9 /* UITableViewCell+FDTemplateLayoutCell */ = {
			isa = PBXGroup;
			children = (
				55D82B6E1B29469300826CD9 /* UITableView+FDTemplateLayoutCell.h */,
				55D82B6F1B29469300826CD9 /* UITableView+FDTemplateLayoutCell.m */,
			);
			path = "UITableViewCell+FDTemplateLayoutCell";
			sourceTree = "<group>";
		};
/* End PBXGroup section */

/* Begin PBXNativeTarget section */
		554962B91B230B570056B3D2 /* QQChatSimple */ = {
			isa = PBXNativeTarget;
			buildConfigurationList = 554962DD1B230B570056B3D2 /* Build configuration list for PBXNativeTarget "QQChatSimple" */;
			buildPhases = (
				554962B61B230B570056B3D2 /* Sources */,
				554962B71B230B570056B3D2 /* Frameworks */,
				554962B81B230B570056B3D2 /* Resources */,
			);
			buildRules = (
			);
			dependencies = (
			);
			name = QQChatSimple;
			productName = QQChatSimple;
			productReference = 554962BA1B230B570056B3D2 /* QQChatSimple.app */;
			productType = "com.apple.product-type.application";
		};
		554962D21B230B570056B3D2 /* QQChatSimpleTests */ = {
			isa = PBXNativeTarget;
			buildConfigurationList = 554962E01B230B570056B3D2 /* Build configuration list for PBXNativeTarget "QQChatSimpleTests" */;
			buildPhases = (
				554962CF1B230B570056B3D2 /* Sources */,
				554962D01B230B570056B3D2 /* Frameworks */,
				554962D11B230B570056B3D2 /* Resources */,
			);
			buildRules = (
			);
			dependencies = (
				554962D51B230B570056B3D2 /* PBXTargetDependency */,
			);
			name = QQChatSimpleTests;
			productName = QQChatSimpleTests;
			productReference = 554962D31B230B570056B3D2 /* QQChatSimpleTests.xctest */;
			productType = "com.apple.product-type.bundle.unit-test";
		};
/* End PBXNativeTarget section */

/* Begin PBXProject section */
		554962B21B230B570056B3D2 /* Project object */ = {
			isa = PBXProject;
			attributes = {
				LastUpgradeCheck = 0630;
				ORGANIZATIONNAME = AT;
				TargetAttributes = {
					554962B91B230B570056B3D2 = {
						CreatedOnToolsVersion = 6.3.2;
					};
					554962D21B230B570056B3D2 = {
						CreatedOnToolsVersion = 6.3.2;
						TestTargetID = 554962B91B230B570056B3D2;
					};
				};
			};
			buildConfigurationList = 554962B51B230B570056B3D2 /* Build configuration list for PBXProject "QQChatSimple" */;
			compatibilityVersion = "Xcode 3.2";
			developmentRegion = English;
			hasScannedForEncodings = 0;
			knownRegions = (
				en,
				Base,
			);
			mainGroup = 554962B11B230B570056B3D2;
			productRefGroup = 554962BB1B230B570056B3D2 /* Products */;
			projectDirPath = "";
			projectRoot = "";
			targets = (
				554962B91B230B570056B3D2 /* QQChatSimple */,
				554962D21B230B570056B3D2 /* QQChatSimpleTests */,
			);
		};
/* End PBXProject section */

/* Begin PBXResourcesBuildPhase section */
		554962B81B230B570056B3D2 /* Resources */ = {
			isa = PBXResourcesBuildPhase;
			buildActionMask = 2147483647;
			files = (
				5549630B1B2313080056B3D2 /* messages.plist in Resources */,
				554962C91B230B570056B3D2 /* Main.storyboard in Resources */,
				554962CE1B230B570056B3D2 /* LaunchScreen.xib in Resources */,
				554962CB1B230B570056B3D2 /* Images.xcassets in Resources */,
			);
			runOnlyForDeploymentPostprocessing = 0;
		};
		554962D11B230B570056B3D2 /* Resources */ = {
			isa = PBXResourcesBuildPhase;
			buildActionMask = 2147483647;
			files = (
			);
			runOnlyForDeploymentPostprocessing = 0;
		};
/* End PBXResourcesBuildPhase section */

/* Begin PBXSourcesBuildPhase section */
		554962B61B230B570056B3D2 /* Sources */ = {
			isa = PBXSourcesBuildPhase;
			buildActionMask = 2147483647;
			files = (
				554963021B230B9F0056B3D2 /* NSLayoutConstraint+MASDebugAdditions.m in Sources */,
				554963001B230B9F0056B3D2 /* MASViewConstraint.m in Sources */,
				554962FB1B230B9F0056B3D2 /* MASCompositeConstraint.m in Sources */,
				554963081B230BB40056B3D2 /* AOMessage.m in Sources */,
				554963011B230B9F0056B3D2 /* NSArray+MASAdditions.m in Sources */,
				554963091B230BB40056B3D2 /* AOMessageCell.m in Sources */,
				554962C61B230B570056B3D2 /* ViewController.m in Sources */,
				554962C31B230B570056B3D2 /* AppDelegate.m in Sources */,
				554962FE1B230B9F0056B3D2 /* MASLayoutConstraint.m in Sources */,
				55D82B701B29469300826CD9 /* UITableView+FDTemplateLayoutCell.m in Sources */,
				554962C01B230B570056B3D2 /* main.m in Sources */,
				554963031B230B9F0056B3D2 /* View+MASAdditions.m in Sources */,
				554962FF1B230B9F0056B3D2 /* MASViewAttribute.m in Sources */,
				554962FC1B230B9F0056B3D2 /* MASConstraint.m in Sources */,
				554962FD1B230B9F0056B3D2 /* MASConstraintMaker.m in Sources */,
			);
			runOnlyForDeploymentPostprocessing = 0;
		};
		554962CF1B230B570056B3D2 /* Sources */ = {
			isa = PBXSourcesBuildPhase;
			buildActionMask = 2147483647;
			files = (
				554962DA1B230B570056B3D2 /* QQChatSimpleTests.m in Sources */,
			);
			runOnlyForDeploymentPostprocessing = 0;
		};
/* End PBXSourcesBuildPhase section */

/* Begin PBXTargetDependency section */
		554962D51B230B570056B3D2 /* PBXTargetDependency */ = {
			isa = PBXTargetDependency;
			target = 554962B91B230B570056B3D2 /* QQChatSimple */;
			targetProxy = 554962D41B230B570056B3D2 /* PBXContainerItemProxy */;
		};
/* End PBXTargetDependency section */

/* Begin PBXVariantGroup section */
		554962C71B230B570056B3D2 /* Main.storyboard */ = {
			isa = PBXVariantGroup;
			children = (
				554962C81B230B570056B3D2 /* Base */,
			);
			name = Main.storyboard;
			sourceTree = "<group>";
		};
		554962CC1B230B570056B3D2 /* LaunchScreen.xib */ = {
			isa = PBXVariantGroup;
			children = (
				554962CD1B230B570056B3D2 /* Base */,
			);
			name = LaunchScreen.xib;
			sourceTree = "<group>";
		};
/* End PBXVariantGroup section */

/* Begin XCBuildConfiguration section */
		554962DB1B230B570056B3D2 /* Debug */ = {
			isa = XCBuildConfiguration;
			buildSettings = {
				ALWAYS_SEARCH_USER_PATHS = NO;
				CLANG_CXX_LANGUAGE_STANDARD = "gnu++0x";
				CLANG_CXX_LIBRARY = "libc++";
				CLANG_ENABLE_MODULES = YES;
				CLANG_ENABLE_OBJC_ARC = YES;
				CLANG_WARN_BOOL_CONVERSION = YES;
				CLANG_WARN_CONSTANT_CONVERSION = YES;
				CLANG_WARN_DIRECT_OBJC_ISA_USAGE = YES_ERROR;
				CLANG_WARN_EMPTY_BODY = YES;
				CLANG_WARN_ENUM_CONVERSION = YES;
				CLANG_WARN_INT_CONVERSION = YES;
				CLANG_WARN_OBJC_ROOT_CLASS = YES_ERROR;
				CLANG_WARN_UNREACHABLE_CODE = YES;
				CLANG_WARN__DUPLICATE_METHOD_MATCH = YES;
				"CODE_SIGN_IDENTITY[sdk=iphoneos*]" = "iPhone Developer";
				COPY_PHASE_STRIP = NO;
				DEBUG_INFORMATION_FORMAT = "dwarf-with-dsym";
				ENABLE_STRICT_OBJC_MSGSEND = YES;
				GCC_C_LANGUAGE_STANDARD = gnu99;
				GCC_DYNAMIC_NO_PIC = NO;
				GCC_NO_COMMON_BLOCKS = YES;
				GCC_OPTIMIZATION_LEVEL = 0;
				GCC_PREPROCESSOR_DEFINITIONS = (
					"DEBUG=1",
					"$(inherited)",
				);
				GCC_SYMBOLS_PRIVATE_EXTERN = NO;
				GCC_WARN_64_TO_32_BIT_CONVERSION = YES;
				GCC_WARN_ABOUT_RETURN_TYPE = YES_ERROR;
				GCC_WARN_UNDECLARED_SELECTOR = YES;
				GCC_WARN_UNINITIALIZED_AUTOS = YES_AGGRESSIVE;
				GCC_WARN_UNUSED_FUNCTION = YES;
				GCC_WARN_UNUSED_VARIABLE = YES;
				IPHONEOS_DEPLOYMENT_TARGET = 8.3;
				MTL_ENABLE_DEBUG_INFO = YES;
				ONLY_ACTIVE_ARCH = YES;
				SDKROOT = iphoneos;
			};
			name = Debug;
		};
		554962DC1B230B570056B3D2 /* Release */ = {
			isa = XCBuildConfiguration;
			buildSettings = {
				ALWAYS_SEARCH_USER_PATHS = NO;
				CLANG_CXX_LANGUAGE_STANDARD = "gnu++0x";
				CLANG_CXX_LIBRARY = "libc++";
				CLANG_ENABLE_MODULES = YES;
				CLANG_ENABLE_OBJC_ARC = YES;
				CLANG_WARN_BOOL_CONVERSION = YES;
				CLANG_WARN_CONSTANT_CONVERSION = YES;
				CLANG_WARN_DIRECT_OBJC_ISA_USAGE = YES_ERROR;
				CLANG_WARN_EMPTY_BODY = YES;
				CLANG_WARN_ENUM_CONVERSION = YES;
				CLANG_WARN_INT_CONVERSION = YES;
				CLANG_WARN_OBJC_ROOT_CLASS = YES_ERROR;
				CLANG_WARN_UNREACHABLE_CODE = YES;
				CLANG_WARN__DUPLICATE_METHOD_MATCH = YES;
				"CODE_SIGN_IDENTITY[sdk=iphoneos*]" = "iPhone Developer";
				COPY_PHASE_STRIP = NO;
				DEBUG_INFORMATION_FORMAT = "dwarf-with-dsym";
				ENABLE_NS_ASSERTIONS = NO;
				ENABLE_STRICT_OBJC_MSGSEND = YES;
				GCC_C_LANGUAGE_STANDARD = gnu99;
				GCC_NO_COMMON_BLOCKS = YES;
				GCC_WARN_64_TO_32_BIT_CONVERSION = YES;
				GCC_WARN_ABOUT_RETURN_TYPE = YES_ERROR;
				GCC_WARN_UNDECLARED_SELECTOR = YES;
				GCC_WARN_UNINITIALIZED_AUTOS = YES_AGGRESSIVE;
				GCC_WARN_UNUSED_FUNCTION = YES;
				GCC_WARN_UNUSED_VARIABLE = YES;
				IPHONEOS_DEPLOYMENT_TARGET = 8.3;
				MTL_ENABLE_DEBUG_INFO = NO;
				SDKROOT = iphoneos;
				VALIDATE_PRODUCT = YES;
			};
			name = Release;
		};
		554962DE1B230B570056B3D2 /* Debug */ = {
			isa = XCBuildConfiguration;
			buildSettings = {
				ASSETCATALOG_COMPILER_APPICON_NAME = AppIcon;
				ASSETCATALOG_COMPILER_LAUNCHIMAGE_NAME = LaunchImage;
				INFOPLIST_FILE = QQChatSimple/Info.plist;
				LD_RUNPATH_SEARCH_PATHS = "$(inherited) @executable_path/Frameworks";
				PRODUCT_NAME = "$(TARGET_NAME)";
			};
			name = Debug;
		};
		554962DF1B230B570056B3D2 /* Release */ = {
			isa = XCBuildConfiguration;
			buildSettings = {
				ASSETCATALOG_COMPILER_APPICON_NAME = AppIcon;
				ASSETCATALOG_COMPILER_LAUNCHIMAGE_NAME = LaunchImage;
				INFOPLIST_FILE = QQChatSimple/Info.plist;
				LD_RUNPATH_SEARCH_PATHS = "$(inherited) @executable_path/Frameworks";
				PRODUCT_NAME = "$(TARGET_NAME)";
			};
			name = Release;
		};
		554962E11B230B570056B3D2 /* Debug */ = {
			isa = XCBuildConfiguration;
			buildSettings = {
				BUNDLE_LOADER = "$(TEST_HOST)";
				FRAMEWORK_SEARCH_PATHS = (
					"$(SDKROOT)/Developer/Library/Frameworks",
					"$(inherited)",
				);
				GCC_PREPROCESSOR_DEFINITIONS = (
					"DEBUG=1",
					"$(inherited)",
				);
				INFOPLIST_FILE = QQChatSimpleTests/Info.plist;
				LD_RUNPATH_SEARCH_PATHS = "$(inherited) @executable_path/Frameworks @loader_path/Frameworks";
				PRODUCT_NAME = "$(TARGET_NAME)";
				TEST_HOST = "$(BUILT_PRODUCTS_DIR)/QQChatSimple.app/QQChatSimple";
			};
			name = Debug;
		};
		554962E21B230B570056B3D2 /* Release */ = {
			isa = XCBuildConfiguration;
			buildSettings = {
				BUNDLE_LOADER = "$(TEST_HOST)";
				FRAMEWORK_SEARCH_PATHS = (
					"$(SDKROOT)/Developer/Library/Frameworks",
					"$(inherited)",
				);
				INFOPLIST_FILE = QQChatSimpleTests/Info.plist;
				LD_RUNPATH_SEARCH_PATHS = "$(inherited) @executable_path/Frameworks @loader_path/Frameworks";
				PRODUCT_NAME = "$(TARGET_NAME)";
				TEST_HOST = "$(BUILT_PRODUCTS_DIR)/QQChatSimple.app/QQChatSimple";
			};
			name = Release;
		};
/* End XCBuildConfiguration section */

/* Begin XCConfigurationList section */
		554962B51B230B570056B3D2 /* Build configuration list for PBXProject "QQChatSimple" */ = {
			isa = XCConfigurationList;
			buildConfigurations = (
				554962DB1B230B570056B3D2 /* Debug */,
				554962DC1B230B570056B3D2 /* Release */,
			);
			defaultConfigurationIsVisible = 0;
			defaultConfigurationName = Release;
		};
		554962DD1B230B570056B3D2 /* Build configuration list for PBXNativeTarget "QQChatSimple" */ = {
			isa = XCConfigurationList;
			buildConfigurations = (
				554962DE1B230B570056B3D2 /* Debug */,
				554962DF1B230B570056B3D2 /* Release */,
			);
			defaultConfigurationIsVisible = 0;
			defaultConfigurationName = Release;
		};
		554962E01B230B570056B3D2 /* Build configuration list for PBXNativeTarget "QQChatSimpleTests" */ = {
			isa = XCConfigurationList;
			buildConfigurations = (
				554962E11B230B570056B3D2 /* Debug */,
				554962E21B230B570056B3D2 /* Release */,
			);
			defaultConfigurationIsVisible = 0;
			defaultConfigurationName = Release;
		};
/* End XCConfigurationList section */
	};
	rootObject = 554962B21B230B570056B3D2 /* Project object */;
}
